// !$*UTF8*$!
{
	archiveVersion = 1;
	classes = {
	};
	objectVersion = 56;
	objects = {

/* Begin PBXBuildFile section */
		4E8C7FCD54AC226CB5A919D6 /* Pods_ListedAssignmentTests.framework in Frameworks */ = {isa = PBXBuildFile; fileRef = 081F4B21E1B68E2231FB56B0 /* Pods_ListedAssignmentTests.framework */; };
		8C210CAE29B673A600BC9C3D /* Figtree-Bold.ttf in Resources */ = {isa = PBXBuildFile; fileRef = 8C210CA829B673A600BC9C3D /* Figtree-Bold.ttf */; };
		8C210CAF29B673A600BC9C3D /* Figtree-Medium.ttf in Resources */ = {isa = PBXBuildFile; fileRef = 8C210CA929B673A600BC9C3D /* Figtree-Medium.ttf */; };
		8C210CB029B673A600BC9C3D /* Figtree-ExtraBold.ttf in Resources */ = {isa = PBXBuildFile; fileRef = 8C210CAA29B673A600BC9C3D /* Figtree-ExtraBold.ttf */; };
		8C210CB129B673A600BC9C3D /* Figtree-Light.ttf in Resources */ = {isa = PBXBuildFile; fileRef = 8C210CAB29B673A600BC9C3D /* Figtree-Light.ttf */; };
		8C210CB229B673A600BC9C3D /* Figtree-Regular.ttf in Resources */ = {isa = PBXBuildFile; fileRef = 8C210CAC29B673A600BC9C3D /* Figtree-Regular.ttf */; };
		8C210CB329B673A600BC9C3D /* Figtree-Black.ttf in Resources */ = {isa = PBXBuildFile; fileRef = 8C210CAD29B673A600BC9C3D /* Figtree-Black.ttf */; };
		8C210CB529B673FB00BC9C3D /* Font.swift in Sources */ = {isa = PBXBuildFile; fileRef = 8C210CB429B673FB00BC9C3D /* Font.swift */; };
		8C3DC78729B369A000DA6344 /* AppDelegate.swift in Sources */ = {isa = PBXBuildFile; fileRef = 8C3DC78629B369A000DA6344 /* AppDelegate.swift */; };
		8C3DC78929B369A000DA6344 /* SceneDelegate.swift in Sources */ = {isa = PBXBuildFile; fileRef = 8C3DC78829B369A000DA6344 /* SceneDelegate.swift */; };
		8C3DC78B29B369A000DA6344 /* ViewController.swift in Sources */ = {isa = PBXBuildFile; fileRef = 8C3DC78A29B369A000DA6344 /* ViewController.swift */; };
		8C3DC78E29B369A000DA6344 /* Main.storyboard in Resources */ = {isa = PBXBuildFile; fileRef = 8C3DC78C29B369A000DA6344 /* Main.storyboard */; };
		8C3DC79029B369A100DA6344 /* Assets.xcassets in Resources */ = {isa = PBXBuildFile; fileRef = 8C3DC78F29B369A100DA6344 /* Assets.xcassets */; };
		8C3DC79329B369A100DA6344 /* LaunchScreen.storyboard in Resources */ = {isa = PBXBuildFile; fileRef = 8C3DC79129B369A100DA6344 /* LaunchScreen.storyboard */; };
		8C3DC79E29B369A100DA6344 /* ListedAssignmentTests.swift in Sources */ = {isa = PBXBuildFile; fileRef = 8C3DC79D29B369A100DA6344 /* ListedAssignmentTests.swift */; };
		8C3DC7A829B369A100DA6344 /* ListedAssignmentUITests.swift in Sources */ = {isa = PBXBuildFile; fileRef = 8C3DC7A729B369A100DA6344 /* ListedAssignmentUITests.swift */; };
		8C3DC7AA29B369A100DA6344 /* ListedAssignmentUITestsLaunchTests.swift in Sources */ = {isa = PBXBuildFile; fileRef = 8C3DC7A929B369A100DA6344 /* ListedAssignmentUITestsLaunchTests.swift */; };
		8C3DC7B829B36F7A00DA6344 /* NetworkManager.swift in Sources */ = {isa = PBXBuildFile; fileRef = 8C3DC7B729B36F7A00DA6344 /* NetworkManager.swift */; };
		8C3DC7BA29B36F8300DA6344 /* API.swift in Sources */ = {isa = PBXBuildFile; fileRef = 8C3DC7B929B36F8300DA6344 /* API.swift */; };
		8C80904029B797C40094C2F5 /* HBSegmentedControl.swift in Sources */ = {isa = PBXBuildFile; fileRef = 8C80903F29B797C40094C2F5 /* HBSegmentedControl.swift */; };
		8C80904429B7A00D0094C2F5 /* LinkTableViewCell.swift in Sources */ = {isa = PBXBuildFile; fileRef = 8C80904229B7A00D0094C2F5 /* LinkTableViewCell.swift */; };
		8C80904529B7A00D0094C2F5 /* LinkTableViewCell.xib in Resources */ = {isa = PBXBuildFile; fileRef = 8C80904329B7A00D0094C2F5 /* LinkTableViewCell.xib */; };
		8CB907A029B5D16C00F91E40 /* DashboardAPIResponse.swift in Sources */ = {isa = PBXBuildFile; fileRef = 8CB9079F29B5D16C00F91E40 /* DashboardAPIResponse.swift */; };
		8CCCC13629B6FA2C00832952 /* figtree-semibold.ttf in Resources */ = {isa = PBXBuildFile; fileRef = 8CCCC13529B6FA2C00832952 /* figtree-semibold.ttf */; };
		8CCCC13829B6FBBF00832952 /* Extensions.swift in Sources */ = {isa = PBXBuildFile; fileRef = 8CCCC13729B6FBBF00832952 /* Extensions.swift */; };
		8CD5CCE029B4A4AC009F97CF /* listedDefaults.swift in Sources */ = {isa = PBXBuildFile; fileRef = 8CD5CCDF29B4A4AC009F97CF /* listedDefaults.swift */; };
		8CD5CCE329B4A979009F97CF /* Connectivity.swift in Sources */ = {isa = PBXBuildFile; fileRef = 8CD5CCE229B4A979009F97CF /* Connectivity.swift */; };
		8CD5CCE629B4AB79009F97CF /* LottieProgressHUD.swift in Sources */ = {isa = PBXBuildFile; fileRef = 8CD5CCE529B4AB79009F97CF /* LottieProgressHUD.swift */; };
		8CE0DEE729B5ED6400F7D93B /* DashboardViewModel.swift in Sources */ = {isa = PBXBuildFile; fileRef = 8CE0DEE629B5ED6400F7D93B /* DashboardViewModel.swift */; };
		8CE0DEEA29B5EE1200F7D93B /* Logger.swift in Sources */ = {isa = PBXBuildFile; fileRef = 8CE0DEE929B5EE1200F7D93B /* Logger.swift */; };
		8CE0DEEE29B5F42200F7D93B /* loaderJump.json in Resources */ = {isa = PBXBuildFile; fileRef = 8CE0DEED29B5F42200F7D93B /* loaderJump.json */; };
		C447CF2E1C91880568C0029E /* Pods_ListedAssignment.framework in Frameworks */ = {isa = PBXBuildFile; fileRef = B3E809372221B735F75AD749 /* Pods_ListedAssignment.framework */; };
		CAA32B5334BE721E490EE9E1 /* Pods_ListedAssignment_ListedAssignmentUITests.framework in Frameworks */ = {isa = PBXBuildFile; fileRef = 77B86FFAF7E19A65B80834BF /* Pods_ListedAssignment_ListedAssignmentUITests.framework */; };
/* End PBXBuildFile section */

/* Begin PBXContainerItemProxy section */
		8C3DC79A29B369A100DA6344 /* PBXContainerItemProxy */ = {
			isa = PBXContainerItemProxy;
			containerPortal = 8C3DC77B29B369A000DA6344 /* Project object */;
			proxyType = 1;
			remoteGlobalIDString = 8C3DC78229B369A000DA6344;
			remoteInfo = ListedAssignment;
		};
		8C3DC7A429B369A100DA6344 /* PBXContainerItemProxy */ = {
			isa = PBXContainerItemProxy;
			containerPortal = 8C3DC77B29B369A000DA6344 /* Project object */;
			proxyType = 1;
			remoteGlobalIDString = 8C3DC78229B369A000DA6344;
			remoteInfo = ListedAssignment;
		};
/* End PBXContainerItemProxy section */

/* Begin PBXFileReference section */
		081F4B21E1B68E2231FB56B0 /* Pods_ListedAssignmentTests.framework */ = {isa = PBXFileReference; explicitFileType = wrapper.framework; includeInIndex = 0; path = Pods_ListedAssignmentTests.framework; sourceTree = BUILT_PRODUCTS_DIR; };
		1DE107DC4B37429CD8AAB97F /* Pods-ListedAssignment.release.xcconfig */ = {isa = PBXFileReference; includeInIndex = 1; lastKnownFileType = text.xcconfig; name = "Pods-ListedAssignment.release.xcconfig"; path = "Target Support Files/Pods-ListedAssignment/Pods-ListedAssignment.release.xcconfig"; sourceTree = "<group>"; };
		1F18D99DB3FD74ECF100D141 /* Pods-ListedAssignment-ListedAssignmentUITests.debug.xcconfig */ = {isa = PBXFileReference; includeInIndex = 1; lastKnownFileType = text.xcconfig; name = "Pods-ListedAssignment-ListedAssignmentUITests.debug.xcconfig"; path = "Target Support Files/Pods-ListedAssignment-ListedAssignmentUITests/Pods-ListedAssignment-ListedAssignmentUITests.debug.xcconfig"; sourceTree = "<group>"; };
		77B86FFAF7E19A65B80834BF /* Pods_ListedAssignment_ListedAssignmentUITests.framework */ = {isa = PBXFileReference; explicitFileType = wrapper.framework; includeInIndex = 0; path = Pods_ListedAssignment_ListedAssignmentUITests.framework; sourceTree = BUILT_PRODUCTS_DIR; };
		8C210CA829B673A600BC9C3D /* Figtree-Bold.ttf */ = {isa = PBXFileReference; lastKnownFileType = file; path = "Figtree-Bold.ttf"; sourceTree = "<group>"; };
		8C210CA929B673A600BC9C3D /* Figtree-Medium.ttf */ = {isa = PBXFileReference; lastKnownFileType = file; path = "Figtree-Medium.ttf"; sourceTree = "<group>"; };
		8C210CAA29B673A600BC9C3D /* Figtree-ExtraBold.ttf */ = {isa = PBXFileReference; lastKnownFileType = file; path = "Figtree-ExtraBold.ttf"; sourceTree = "<group>"; };
		8C210CAB29B673A600BC9C3D /* Figtree-Light.ttf */ = {isa = PBXFileReference; lastKnownFileType = file; path = "Figtree-Light.ttf"; sourceTree = "<group>"; };
		8C210CAC29B673A600BC9C3D /* Figtree-Regular.ttf */ = {isa = PBXFileReference; lastKnownFileType = file; path = "Figtree-Regular.ttf"; sourceTree = "<group>"; };
		8C210CAD29B673A600BC9C3D /* Figtree-Black.ttf */ = {isa = PBXFileReference; lastKnownFileType = file; path = "Figtree-Black.ttf"; sourceTree = "<group>"; };
		8C210CB429B673FB00BC9C3D /* Font.swift */ = {isa = PBXFileReference; lastKnownFileType = sourcecode.swift; path = Font.swift; sourceTree = "<group>"; };
		8C3DC78329B369A000DA6344 /* ListedAssignment.app */ = {isa = PBXFileReference; explicitFileType = wrapper.application; includeInIndex = 0; path = ListedAssignment.app; sourceTree = BUILT_PRODUCTS_DIR; };
		8C3DC78629B369A000DA6344 /* AppDelegate.swift */ = {isa = PBXFileReference; lastKnownFileType = sourcecode.swift; path = AppDelegate.swift; sourceTree = "<group>"; };
		8C3DC78829B369A000DA6344 /* SceneDelegate.swift */ = {isa = PBXFileReference; lastKnownFileType = sourcecode.swift; path = SceneDelegate.swift; sourceTree = "<group>"; };
		8C3DC78A29B369A000DA6344 /* ViewController.swift */ = {isa = PBXFileReference; lastKnownFileType = sourcecode.swift; path = ViewController.swift; sourceTree = "<group>"; };
		8C3DC78D29B369A000DA6344 /* Base */ = {isa = PBXFileReference; lastKnownFileType = file.storyboard; name = Base; path = Base.lproj/Main.storyboard; sourceTree = "<group>"; };
		8C3DC78F29B369A100DA6344 /* Assets.xcassets */ = {isa = PBXFileReference; lastKnownFileType = folder.assetcatalog; path = Assets.xcassets; sourceTree = "<group>"; };
		8C3DC79229B369A100DA6344 /* Base */ = {isa = PBXFileReference; lastKnownFileType = file.storyboard; name = Base; path = Base.lproj/LaunchScreen.storyboard; sourceTree = "<group>"; };
		8C3DC79429B369A100DA6344 /* Info.plist */ = {isa = PBXFileReference; lastKnownFileType = text.plist.xml; path = Info.plist; sourceTree = "<group>"; };
		8C3DC79929B369A100DA6344 /* ListedAssignmentTests.xctest */ = {isa = PBXFileReference; explicitFileType = wrapper.cfbundle; includeInIndex = 0; path = ListedAssignmentTests.xctest; sourceTree = BUILT_PRODUCTS_DIR; };
		8C3DC79D29B369A100DA6344 /* ListedAssignmentTests.swift */ = {isa = PBXFileReference; lastKnownFileType = sourcecode.swift; path = ListedAssignmentTests.swift; sourceTree = "<group>"; };
		8C3DC7A329B369A100DA6344 /* ListedAssignmentUITests.xctest */ = {isa = PBXFileReference; explicitFileType = wrapper.cfbundle; includeInIndex = 0; path = ListedAssignmentUITests.xctest; sourceTree = BUILT_PRODUCTS_DIR; };
		8C3DC7A729B369A100DA6344 /* ListedAssignmentUITests.swift */ = {isa = PBXFileReference; lastKnownFileType = sourcecode.swift; path = ListedAssignmentUITests.swift; sourceTree = "<group>"; };
		8C3DC7A929B369A100DA6344 /* ListedAssignmentUITestsLaunchTests.swift */ = {isa = PBXFileReference; lastKnownFileType = sourcecode.swift; path = ListedAssignmentUITestsLaunchTests.swift; sourceTree = "<group>"; };
		8C3DC7B729B36F7A00DA6344 /* NetworkManager.swift */ = {isa = PBXFileReference; lastKnownFileType = sourcecode.swift; path = NetworkManager.swift; sourceTree = "<group>"; };
		8C3DC7B929B36F8300DA6344 /* API.swift */ = {isa = PBXFileReference; lastKnownFileType = sourcecode.swift; path = API.swift; sourceTree = "<group>"; };
		8C80903F29B797C40094C2F5 /* HBSegmentedControl.swift */ = {isa = PBXFileReference; fileEncoding = 4; lastKnownFileType = sourcecode.swift; path = HBSegmentedControl.swift; sourceTree = "<group>"; };
		8C80904229B7A00D0094C2F5 /* LinkTableViewCell.swift */ = {isa = PBXFileReference; lastKnownFileType = sourcecode.swift; path = LinkTableViewCell.swift; sourceTree = "<group>"; };
		8C80904329B7A00D0094C2F5 /* LinkTableViewCell.xib */ = {isa = PBXFileReference; lastKnownFileType = file.xib; path = LinkTableViewCell.xib; sourceTree = "<group>"; };
		8CB9079F29B5D16C00F91E40 /* DashboardAPIResponse.swift */ = {isa = PBXFileReference; lastKnownFileType = sourcecode.swift; path = DashboardAPIResponse.swift; sourceTree = "<group>"; };
		8CCCC13529B6FA2C00832952 /* figtree-semibold.ttf */ = {isa = PBXFileReference; lastKnownFileType = file; path = "figtree-semibold.ttf"; sourceTree = "<group>"; };
		8CCCC13729B6FBBF00832952 /* Extensions.swift */ = {isa = PBXFileReference; lastKnownFileType = sourcecode.swift; path = Extensions.swift; sourceTree = "<group>"; };
		8CD5CCDF29B4A4AC009F97CF /* listedDefaults.swift */ = {isa = PBXFileReference; lastKnownFileType = sourcecode.swift; path = listedDefaults.swift; sourceTree = "<group>"; };
		8CD5CCE229B4A979009F97CF /* Connectivity.swift */ = {isa = PBXFileReference; lastKnownFileType = sourcecode.swift; path = Connectivity.swift; sourceTree = "<group>"; };
		8CD5CCE529B4AB79009F97CF /* LottieProgressHUD.swift */ = {isa = PBXFileReference; lastKnownFileType = sourcecode.swift; path = LottieProgressHUD.swift; sourceTree = "<group>"; };
		8CE0DEE629B5ED6400F7D93B /* DashboardViewModel.swift */ = {isa = PBXFileReference; lastKnownFileType = sourcecode.swift; path = DashboardViewModel.swift; sourceTree = "<group>"; };
		8CE0DEE929B5EE1200F7D93B /* Logger.swift */ = {isa = PBXFileReference; lastKnownFileType = sourcecode.swift; path = Logger.swift; sourceTree = "<group>"; };
		8CE0DEED29B5F42200F7D93B /* loaderJump.json */ = {isa = PBXFileReference; fileEncoding = 4; lastKnownFileType = text.json; path = loaderJump.json; sourceTree = "<group>"; };
		B0406B989340CC7C5C43AE76 /* Pods-ListedAssignment.debug.xcconfig */ = {isa = PBXFileReference; includeInIndex = 1; lastKnownFileType = text.xcconfig; name = "Pods-ListedAssignment.debug.xcconfig"; path = "Target Support Files/Pods-ListedAssignment/Pods-ListedAssignment.debug.xcconfig"; sourceTree = "<group>"; };
		B3E809372221B735F75AD749 /* Pods_ListedAssignment.framework */ = {isa = PBXFileReference; explicitFileType = wrapper.framework; includeInIndex = 0; path = Pods_ListedAssignment.framework; sourceTree = BUILT_PRODUCTS_DIR; };
		E1A6E9862149183FC6ACF4B6 /* Pods-ListedAssignment-ListedAssignmentUITests.release.xcconfig */ = {isa = PBXFileReference; includeInIndex = 1; lastKnownFileType = text.xcconfig; name = "Pods-ListedAssignment-ListedAssignmentUITests.release.xcconfig"; path = "Target Support Files/Pods-ListedAssignment-ListedAssignmentUITests/Pods-ListedAssignment-ListedAssignmentUITests.release.xcconfig"; sourceTree = "<group>"; };
		F11FA97D809B9151303F292B /* Pods-ListedAssignmentTests.release.xcconfig */ = {isa = PBXFileReference; includeInIndex = 1; lastKnownFileType = text.xcconfig; name = "Pods-ListedAssignmentTests.release.xcconfig"; path = "Target Support Files/Pods-ListedAssignmentTests/Pods-ListedAssignmentTests.release.xcconfig"; sourceTree = "<group>"; };
		F1F6250535532E0ABCFAC40F /* Pods-ListedAssignmentTests.debug.xcconfig */ = {isa = PBXFileReference; includeInIndex = 1; lastKnownFileType = text.xcconfig; name = "Pods-ListedAssignmentTests.debug.xcconfig"; path = "Target Support Files/Pods-ListedAssignmentTests/Pods-ListedAssignmentTests.debug.xcconfig"; sourceTree = "<group>"; };
/* End PBXFileReference section */

/* Begin PBXFrameworksBuildPhase section */
		8C3DC78029B369A000DA6344 /* Frameworks */ = {
			isa = PBXFrameworksBuildPhase;
			buildActionMask = 2147483647;
			files = (
				C447CF2E1C91880568C0029E /* Pods_ListedAssignment.framework in Frameworks */,
			);
			runOnlyForDeploymentPostprocessing = 0;
		};
		8C3DC79629B369A100DA6344 /* Frameworks */ = {
			isa = PBXFrameworksBuildPhase;
			buildActionMask = 2147483647;
			files = (
				4E8C7FCD54AC226CB5A919D6 /* Pods_ListedAssignmentTests.framework in Frameworks */,
			);
			runOnlyForDeploymentPostprocessing = 0;
		};
		8C3DC7A029B369A100DA6344 /* Frameworks */ = {
			isa = PBXFrameworksBuildPhase;
			buildActionMask = 2147483647;
			files = (
				CAA32B5334BE721E490EE9E1 /* Pods_ListedAssignment_ListedAssignmentUITests.framework in Frameworks */,
			);
			runOnlyForDeploymentPostprocessing = 0;
		};
/* End PBXFrameworksBuildPhase section */

/* Begin PBXGroup section */
		2ED7EC5779D0527DE14F2859 /* Pods */ = {
			isa = PBXGroup;
			children = (
				B0406B989340CC7C5C43AE76 /* Pods-ListedAssignment.debug.xcconfig */,
				1DE107DC4B37429CD8AAB97F /* Pods-ListedAssignment.release.xcconfig */,
				1F18D99DB3FD74ECF100D141 /* Pods-ListedAssignment-ListedAssignmentUITests.debug.xcconfig */,
				E1A6E9862149183FC6ACF4B6 /* Pods-ListedAssignment-ListedAssignmentUITests.release.xcconfig */,
				F1F6250535532E0ABCFAC40F /* Pods-ListedAssignmentTests.debug.xcconfig */,
				F11FA97D809B9151303F292B /* Pods-ListedAssignmentTests.release.xcconfig */,
			);
			path = Pods;
			sourceTree = "<group>";
		};
		8C210CA729B6734800BC9C3D /* Fonts */ = {
			isa = PBXGroup;
			children = (
				8CCCC13529B6FA2C00832952 /* figtree-semibold.ttf */,
				8C210CAD29B673A600BC9C3D /* Figtree-Black.ttf */,
				8C210CA829B673A600BC9C3D /* Figtree-Bold.ttf */,
				8C210CAA29B673A600BC9C3D /* Figtree-ExtraBold.ttf */,
				8C210CAB29B673A600BC9C3D /* Figtree-Light.ttf */,
				8C210CA929B673A600BC9C3D /* Figtree-Medium.ttf */,
				8C210CAC29B673A600BC9C3D /* Figtree-Regular.ttf */,
			);
			path = Fonts;
			sourceTree = "<group>";
		};
		8C3DC77A29B369A000DA6344 = {
			isa = PBXGroup;
			children = (
				8C3DC78529B369A000DA6344 /* ListedAssignment */,
				8C3DC79C29B369A100DA6344 /* ListedAssignmentTests */,
				8C3DC7A629B369A100DA6344 /* ListedAssignmentUITests */,
				8C3DC78429B369A000DA6344 /* Products */,
				2ED7EC5779D0527DE14F2859 /* Pods */,
				BB7754175162CB80D76C4F0B /* Frameworks */,
			);
			sourceTree = "<group>";
		};
		8C3DC78429B369A000DA6344 /* Products */ = {
			isa = PBXGroup;
			children = (
				8C3DC78329B369A000DA6344 /* ListedAssignment.app */,
				8C3DC79929B369A100DA6344 /* ListedAssignmentTests.xctest */,
				8C3DC7A329B369A100DA6344 /* ListedAssignmentUITests.xctest */,
			);
			name = Products;
			sourceTree = "<group>";
		};
		8C3DC78529B369A000DA6344 /* ListedAssignment */ = {
			isa = PBXGroup;
			children = (
				8C3DC78629B369A000DA6344 /* AppDelegate.swift */,
				8C3DC78829B369A000DA6344 /* SceneDelegate.swift */,
				8CD5CCE729B4BEC1009F97CF /* Dashboard */,
				8C3DC7B629B36A8900DA6344 /* WebServices */,
				8CD5CCDD29B4A48F009F97CF /* Utils */,
				8CE0DEEB29B5F40200F7D93B /* Assets */,
				8C3DC79129B369A100DA6344 /* LaunchScreen.storyboard */,
				8C3DC79429B369A100DA6344 /* Info.plist */,
			);
			path = ListedAssignment;
			sourceTree = "<group>";
		};
		8C3DC79C29B369A100DA6344 /* ListedAssignmentTests */ = {
			isa = PBXGroup;
			children = (
				8C3DC79D29B369A100DA6344 /* ListedAssignmentTests.swift */,
			);
			path = ListedAssignmentTests;
			sourceTree = "<group>";
		};
		8C3DC7A629B369A100DA6344 /* ListedAssignmentUITests */ = {
			isa = PBXGroup;
			children = (
				8C3DC7A729B369A100DA6344 /* ListedAssignmentUITests.swift */,
				8C3DC7A929B369A100DA6344 /* ListedAssignmentUITestsLaunchTests.swift */,
			);
			path = ListedAssignmentUITests;
			sourceTree = "<group>";
		};
		8C3DC7B629B36A8900DA6344 /* WebServices */ = {
			isa = PBXGroup;
			children = (
				8C3DC7B729B36F7A00DA6344 /* NetworkManager.swift */,
				8C3DC7B929B36F8300DA6344 /* API.swift */,
			);
			path = WebServices;
			sourceTree = "<group>";
		};
		8C80904129B79FEA0094C2F5 /* Cell */ = {
			isa = PBXGroup;
			children = (
				8C80904229B7A00D0094C2F5 /* LinkTableViewCell.swift */,
				8C80904329B7A00D0094C2F5 /* LinkTableViewCell.xib */,
			);
			path = Cell;
			sourceTree = "<group>";
		};
		8CD5CCDD29B4A48F009F97CF /* Utils */ = {
			isa = PBXGroup;
			children = (
				8C210CA729B6734800BC9C3D /* Fonts */,
				8CE0DEE829B5EE0000F7D93B /* Log */,
				8CD5CCE429B4AB5F009F97CF /* ActivityIndicator */,
				8CD5CCE129B4A963009F97CF /* InternetLost */,
				8CD5CCDE29B4A498009F97CF /* Helper */,
			);
			path = Utils;
			sourceTree = "<group>";
		};
		8CD5CCDE29B4A498009F97CF /* Helper */ = {
			isa = PBXGroup;
			children = (
				8C80903F29B797C40094C2F5 /* HBSegmentedControl.swift */,
				8CD5CCDF29B4A4AC009F97CF /* listedDefaults.swift */,
				8C210CB429B673FB00BC9C3D /* Font.swift */,
				8CCCC13729B6FBBF00832952 /* Extensions.swift */,
			);
			path = Helper;
			sourceTree = "<group>";
		};
		8CD5CCE129B4A963009F97CF /* InternetLost */ = {
			isa = PBXGroup;
			children = (
				8CD5CCE229B4A979009F97CF /* Connectivity.swift */,
			);
			path = InternetLost;
			sourceTree = "<group>";
		};
		8CD5CCE429B4AB5F009F97CF /* ActivityIndicator */ = {
			isa = PBXGroup;
			children = (
				8CD5CCE529B4AB79009F97CF /* LottieProgressHUD.swift */,
			);
			path = ActivityIndicator;
			sourceTree = "<group>";
		};
		8CD5CCE729B4BEC1009F97CF /* Dashboard */ = {
			isa = PBXGroup;
			children = (
				8CD5CCEB29B4BEEF009F97CF /* View */,
				8CD5CCEA29B4BEE8009F97CF /* Model */,
				8CD5CCE929B4BEE0009F97CF /* ViewModels */,
				8CD5CCE829B4BED5009F97CF /* Controller */,
			);
			path = Dashboard;
			sourceTree = "<group>";
		};
		8CD5CCE829B4BED5009F97CF /* Controller */ = {
			isa = PBXGroup;
			children = (
				8C3DC78A29B369A000DA6344 /* ViewController.swift */,
			);
			path = Controller;
			sourceTree = "<group>";
		};
		8CD5CCE929B4BEE0009F97CF /* ViewModels */ = {
			isa = PBXGroup;
			children = (
				8CE0DEE629B5ED6400F7D93B /* DashboardViewModel.swift */,
			);
			path = ViewModels;
			sourceTree = "<group>";
		};
		8CD5CCEA29B4BEE8009F97CF /* Model */ = {
			isa = PBXGroup;
			children = (
				8CB9079F29B5D16C00F91E40 /* DashboardAPIResponse.swift */,
			);
			path = Model;
			sourceTree = "<group>";
		};
		8CD5CCEB29B4BEEF009F97CF /* View */ = {
			isa = PBXGroup;
			children = (
				8C80904129B79FEA0094C2F5 /* Cell */,
				8CD5CCEC29B4BF07009F97CF /* Storyboard */,
			);
			path = View;
			sourceTree = "<group>";
		};
		8CD5CCEC29B4BF07009F97CF /* Storyboard */ = {
			isa = PBXGroup;
			children = (
				8C3DC78C29B369A000DA6344 /* Main.storyboard */,
			);
			path = Storyboard;
			sourceTree = "<group>";
		};
		8CE0DEE829B5EE0000F7D93B /* Log */ = {
			isa = PBXGroup;
			children = (
				8CE0DEE929B5EE1200F7D93B /* Logger.swift */,
			);
			path = Log;
			sourceTree = "<group>";
		};
		8CE0DEEB29B5F40200F7D93B /* Assets */ = {
			isa = PBXGroup;
			children = (
				8CE0DEEC29B5F41200F7D93B /* Lottie */,
				8C3DC78F29B369A100DA6344 /* Assets.xcassets */,
			);
			path = Assets;
			sourceTree = "<group>";
		};
		8CE0DEEC29B5F41200F7D93B /* Lottie */ = {
			isa = PBXGroup;
			children = (
				8CE0DEED29B5F42200F7D93B /* loaderJump.json */,
			);
			path = Lottie;
			sourceTree = "<group>";
		};
		BB7754175162CB80D76C4F0B /* Frameworks */ = {
			isa = PBXGroup;
			children = (
				B3E809372221B735F75AD749 /* Pods_ListedAssignment.framework */,
				77B86FFAF7E19A65B80834BF /* Pods_ListedAssignment_ListedAssignmentUITests.framework */,
				081F4B21E1B68E2231FB56B0 /* Pods_ListedAssignmentTests.framework */,
			);
			name = Frameworks;
			sourceTree = "<group>";
		};
/* End PBXGroup section */

/* Begin PBXNativeTarget section */
		8C3DC78229B369A000DA6344 /* ListedAssignment */ = {
			isa = PBXNativeTarget;
			buildConfigurationList = 8C3DC7AD29B369A100DA6344 /* Build configuration list for PBXNativeTarget "ListedAssignment" */;
			buildPhases = (
				9AF965CDF48825FD836EECDE /* [CP] Check Pods Manifest.lock */,
				8C3DC77F29B369A000DA6344 /* Sources */,
				8C3DC78029B369A000DA6344 /* Frameworks */,
				8C3DC78129B369A000DA6344 /* Resources */,
				0FB0936314785742BEA53597 /* [CP] Embed Pods Frameworks */,
			);
			buildRules = (
			);
			dependencies = (
			);
			name = ListedAssignment;
			productName = ListedAssignment;
			productReference = 8C3DC78329B369A000DA6344 /* ListedAssignment.app */;
			productType = "com.apple.product-type.application";
		};
		8C3DC79829B369A100DA6344 /* ListedAssignmentTests */ = {
			isa = PBXNativeTarget;
			buildConfigurationList = 8C3DC7B029B369A100DA6344 /* Build configuration list for PBXNativeTarget "ListedAssignmentTests" */;
			buildPhases = (
				69DB58D3A127C7934F509C39 /* [CP] Check Pods Manifest.lock */,
				8C3DC79529B369A100DA6344 /* Sources */,
				8C3DC79629B369A100DA6344 /* Frameworks */,
				8C3DC79729B369A100DA6344 /* Resources */,
			);
			buildRules = (
			);
			dependencies = (
				8C3DC79B29B369A100DA6344 /* PBXTargetDependency */,
			);
			name = ListedAssignmentTests;
			productName = ListedAssignmentTests;
			productReference = 8C3DC79929B369A100DA6344 /* ListedAssignmentTests.xctest */;
			productType = "com.apple.product-type.bundle.unit-test";
		};
		8C3DC7A229B369A100DA6344 /* ListedAssignmentUITests */ = {
			isa = PBXNativeTarget;
			buildConfigurationList = 8C3DC7B329B369A100DA6344 /* Build configuration list for PBXNativeTarget "ListedAssignmentUITests" */;
			buildPhases = (
				BC27F5D32916351083940E51 /* [CP] Check Pods Manifest.lock */,
				8C3DC79F29B369A100DA6344 /* Sources */,
				8C3DC7A029B369A100DA6344 /* Frameworks */,
				8C3DC7A129B369A100DA6344 /* Resources */,
				53B66210A034355A1C696C6D /* [CP] Embed Pods Frameworks */,
			);
			buildRules = (
			);
			dependencies = (
				8C3DC7A529B369A100DA6344 /* PBXTargetDependency */,
			);
			name = ListedAssignmentUITests;
			productName = ListedAssignmentUITests;
			productReference = 8C3DC7A329B369A100DA6344 /* ListedAssignmentUITests.xctest */;
			productType = "com.apple.product-type.bundle.ui-testing";
		};
/* End PBXNativeTarget section */

/* Begin PBXProject section */
		8C3DC77B29B369A000DA6344 /* Project object */ = {
			isa = PBXProject;
			attributes = {
				BuildIndependentTargetsInParallel = 1;
				LastSwiftUpdateCheck = 1420;
				LastUpgradeCheck = 1420;
				TargetAttributes = {
					8C3DC78229B369A000DA6344 = {
						CreatedOnToolsVersion = 14.2;
					};
					8C3DC79829B369A100DA6344 = {
						CreatedOnToolsVersion = 14.2;
						TestTargetID = 8C3DC78229B369A000DA6344;
					};
					8C3DC7A229B369A100DA6344 = {
						CreatedOnToolsVersion = 14.2;
						TestTargetID = 8C3DC78229B369A000DA6344;
					};
				};
			};
			buildConfigurationList = 8C3DC77E29B369A000DA6344 /* Build configuration list for PBXProject "ListedAssignment" */;
			compatibilityVersion = "Xcode 14.0";
			developmentRegion = en;
			hasScannedForEncodings = 0;
			knownRegions = (
				en,
				Base,
			);
			mainGroup = 8C3DC77A29B369A000DA6344;
			productRefGroup = 8C3DC78429B369A000DA6344 /* Products */;
			projectDirPath = "";
			projectRoot = "";
			targets = (
				8C3DC78229B369A000DA6344 /* ListedAssignment */,
				8C3DC79829B369A100DA6344 /* ListedAssignmentTests */,
				8C3DC7A229B369A100DA6344 /* ListedAssignmentUITests */,
			);
		};
/* End PBXProject section */

/* Begin PBXResourcesBuildPhase section */
		8C3DC78129B369A000DA6344 /* Resources */ = {
			isa = PBXResourcesBuildPhase;
			buildActionMask = 2147483647;
			files = (
				8C210CB129B673A600BC9C3D /* Figtree-Light.ttf in Resources */,
				8C210CAE29B673A600BC9C3D /* Figtree-Bold.ttf in Resources */,
				8C3DC79329B369A100DA6344 /* LaunchScreen.storyboard in Resources */,
				8C80904529B7A00D0094C2F5 /* LinkTableViewCell.xib in Resources */,
				8C210CAF29B673A600BC9C3D /* Figtree-Medium.ttf in Resources */,
				8C210CB029B673A600BC9C3D /* Figtree-ExtraBold.ttf in Resources */,
				8C210CB329B673A600BC9C3D /* Figtree-Black.ttf in Resources */,
				8C3DC79029B369A100DA6344 /* Assets.xcassets in Resources */,
				8CE0DEEE29B5F42200F7D93B /* loaderJump.json in Resources */,
				8CCCC13629B6FA2C00832952 /* figtree-semibold.ttf in Resources */,
				8C210CB229B673A600BC9C3D /* Figtree-Regular.ttf in Resources */,
				8C3DC78E29B369A000DA6344 /* Main.storyboard in Resources */,
			);
			runOnlyForDeploymentPostprocessing = 0;
		};
		8C3DC79729B369A100DA6344 /* Resources */ = {
			isa = PBXResourcesBuildPhase;
			buildActionMask = 2147483647;
			files = (
			);
			runOnlyForDeploymentPostprocessing = 0;
		};
		8C3DC7A129B369A100DA6344 /* Resources */ = {
			isa = PBXResourcesBuildPhase;
			buildActionMask = 2147483647;
			files = (
			);
			runOnlyForDeploymentPostprocessing = 0;
		};
/* End PBXResourcesBuildPhase section */

/* Begin PBXShellScriptBuildPhase section */
		0FB0936314785742BEA53597 /* [CP] Embed Pods Frameworks */ = {
			isa = PBXShellScriptBuildPhase;
			buildActionMask = 2147483647;
			files = (
			);
			inputFileListPaths = (
				"${PODS_ROOT}/Target Support Files/Pods-ListedAssignment/Pods-ListedAssignment-frameworks-${CONFIGURATION}-input-files.xcfilelist",
			);
			name = "[CP] Embed Pods Frameworks";
			outputFileListPaths = (
				"${PODS_ROOT}/Target Support Files/Pods-ListedAssignment/Pods-ListedAssignment-frameworks-${CONFIGURATION}-output-files.xcfilelist",
			);
			runOnlyForDeploymentPostprocessing = 0;
			shellPath = /bin/sh;
			shellScript = "\"${PODS_ROOT}/Target Support Files/Pods-ListedAssignment/Pods-ListedAssignment-frameworks.sh\"\n";
			showEnvVarsInLog = 0;
		};
		53B66210A034355A1C696C6D /* [CP] Embed Pods Frameworks */ = {
			isa = PBXShellScriptBuildPhase;
			buildActionMask = 2147483647;
			files = (
			);
			inputFileListPaths = (
				"${PODS_ROOT}/Target Support Files/Pods-ListedAssignment-ListedAssignmentUITests/Pods-ListedAssignment-ListedAssignmentUITests-frameworks-${CONFIGURATION}-input-files.xcfilelist",
			);
			name = "[CP] Embed Pods Frameworks";
			outputFileListPaths = (
				"${PODS_ROOT}/Target Support Files/Pods-ListedAssignment-ListedAssignmentUITests/Pods-ListedAssignment-ListedAssignmentUITests-frameworks-${CONFIGURATION}-output-files.xcfilelist",
			);
			runOnlyForDeploymentPostprocessing = 0;
			shellPath = /bin/sh;
			shellScript = "\"${PODS_ROOT}/Target Support Files/Pods-ListedAssignment-ListedAssignmentUITests/Pods-ListedAssignment-ListedAssignmentUITests-frameworks.sh\"\n";
			showEnvVarsInLog = 0;
		};
		69DB58D3A127C7934F509C39 /* [CP] Check Pods Manifest.lock */ = {
			isa = PBXShellScriptBuildPhase;
			buildActionMask = 2147483647;
			files = (
			);
			inputFileListPaths = (
			);
			inputPaths = (
				"${PODS_PODFILE_DIR_PATH}/Podfile.lock",
				"${PODS_ROOT}/Manifest.lock",
			);
			name = "[CP] Check Pods Manifest.lock";
			outputFileListPaths = (
			);
			outputPaths = (
				"$(DERIVED_FILE_DIR)/Pods-ListedAssignmentTests-checkManifestLockResult.txt",
			);
			runOnlyForDeploymentPostprocessing = 0;
			shellPath = /bin/sh;
			shellScript = "diff \"${PODS_PODFILE_DIR_PATH}/Podfile.lock\" \"${PODS_ROOT}/Manifest.lock\" > /dev/null\nif [ $? != 0 ] ; then\n    # print error to STDERR\n    echo \"error: The sandbox is not in sync with the Podfile.lock. Run 'pod install' or update your CocoaPods installation.\" >&2\n    exit 1\nfi\n# This output is used by Xcode 'outputs' to avoid re-running this script phase.\necho \"SUCCESS\" > \"${SCRIPT_OUTPUT_FILE_0}\"\n";
			showEnvVarsInLog = 0;
		};
		9AF965CDF48825FD836EECDE /* [CP] Check Pods Manifest.lock */ = {
			isa = PBXShellScriptBuildPhase;
			buildActionMask = 2147483647;
			files = (
			);
			inputFileListPaths = (
			);
			inputPaths = (
				"${PODS_PODFILE_DIR_PATH}/Podfile.lock",
				"${PODS_ROOT}/Manifest.lock",
			);
			name = "[CP] Check Pods Manifest.lock";
			outputFileListPaths = (
			);
			outputPaths = (
				"$(DERIVED_FILE_DIR)/Pods-ListedAssignment-checkManifestLockResult.txt",
			);
			runOnlyForDeploymentPostprocessing = 0;
			shellPath = /bin/sh;
			shellScript = "diff \"${PODS_PODFILE_DIR_PATH}/Podfile.lock\" \"${PODS_ROOT}/Manifest.lock\" > /dev/null\nif [ $? != 0 ] ; then\n    # print error to STDERR\n    echo \"error: The sandbox is not in sync with the Podfile.lock. Run 'pod install' or update your CocoaPods installation.\" >&2\n    exit 1\nfi\n# This output is used by Xcode 'outputs' to avoid re-running this script phase.\necho \"SUCCESS\" > \"${SCRIPT_OUTPUT_FILE_0}\"\n";
			showEnvVarsInLog = 0;
		};
		BC27F5D32916351083940E51 /* [CP] Check Pods Manifest.lock */ = {
			isa = PBXShellScriptBuildPhase;
			buildActionMask = 2147483647;
			files = (
			);
			inputFileListPaths = (
			);
			inputPaths = (
				"${PODS_PODFILE_DIR_PATH}/Podfile.lock",
				"${PODS_ROOT}/Manifest.lock",
			);
			name = "[CP] Check Pods Manifest.lock";
			outputFileListPaths = (
			);
			outputPaths = (
				"$(DERIVED_FILE_DIR)/Pods-ListedAssignment-ListedAssignmentUITests-checkManifestLockResult.txt",
			);
			runOnlyForDeploymentPostprocessing = 0;
			shellPath = /bin/sh;
			shellScript = "diff \"${PODS_PODFILE_DIR_PATH}/Podfile.lock\" \"${PODS_ROOT}/Manifest.lock\" > /dev/null\nif [ $? != 0 ] ; then\n    # print error to STDERR\n    echo \"error: The sandbox is not in sync with the Podfile.lock. Run 'pod install' or update your CocoaPods installation.\" >&2\n    exit 1\nfi\n# This output is used by Xcode 'outputs' to avoid re-running this script phase.\necho \"SUCCESS\" > \"${SCRIPT_OUTPUT_FILE_0}\"\n";
			showEnvVarsInLog = 0;
		};
/* End PBXShellScriptBuildPhase section */

/* Begin PBXSourcesBuildPhase section */
		8C3DC77F29B369A000DA6344 /* Sources */ = {
			isa = PBXSourcesBuildPhase;
			buildActionMask = 2147483647;
			files = (
				8C80904029B797C40094C2F5 /* HBSegmentedControl.swift in Sources */,
				8CD5CCE029B4A4AC009F97CF /* listedDefaults.swift in Sources */,
				8CE0DEEA29B5EE1200F7D93B /* Logger.swift in Sources */,
				8CE0DEE729B5ED6400F7D93B /* DashboardViewModel.swift in Sources */,
				8CD5CCE629B4AB79009F97CF /* LottieProgressHUD.swift in Sources */,
				8C80904429B7A00D0094C2F5 /* LinkTableViewCell.swift in Sources */,
				8C3DC7B829B36F7A00DA6344 /* NetworkManager.swift in Sources */,
				8CB907A029B5D16C00F91E40 /* DashboardAPIResponse.swift in Sources */,
				8C3DC78B29B369A000DA6344 /* ViewController.swift in Sources */,
				8C3DC78729B369A000DA6344 /* AppDelegate.swift in Sources */,
				8CCCC13829B6FBBF00832952 /* Extensions.swift in Sources */,
				8C210CB529B673FB00BC9C3D /* Font.swift in Sources */,
				8C3DC78929B369A000DA6344 /* SceneDelegate.swift in Sources */,
				8C3DC7BA29B36F8300DA6344 /* API.swift in Sources */,
				8CD5CCE329B4A979009F97CF /* Connectivity.swift in Sources */,
			);
			runOnlyForDeploymentPostprocessing = 0;
		};
		8C3DC79529B369A100DA6344 /* Sources */ = {
			isa = PBXSourcesBuildPhase;
			buildActionMask = 2147483647;
			files = (
				8C3DC79E29B369A100DA6344 /* ListedAssignmentTests.swift in Sources */,
			);
			runOnlyForDeploymentPostprocessing = 0;
		};
		8C3DC79F29B369A100DA6344 /* Sources */ = {
			isa = PBXSourcesBuildPhase;
			buildActionMask = 2147483647;
			files = (
				8C3DC7AA29B369A100DA6344 /* ListedAssignmentUITestsLaunchTests.swift in Sources */,
				8C3DC7A829B369A100DA6344 /* ListedAssignmentUITests.swift in Sources */,
			);
			runOnlyForDeploymentPostprocessing = 0;
		};
/* End PBXSourcesBuildPhase section */

/* Begin PBXTargetDependency section */
		8C3DC79B29B369A100DA6344 /* PBXTargetDependency */ = {
			isa = PBXTargetDependency;
			target = 8C3DC78229B369A000DA6344 /* ListedAssignment */;
			targetProxy = 8C3DC79A29B369A100DA6344 /* PBXContainerItemProxy */;
		};
		8C3DC7A529B369A100DA6344 /* PBXTargetDependency */ = {
			isa = PBXTargetDependency;
			target = 8C3DC78229B369A000DA6344 /* ListedAssignment */;
			targetProxy = 8C3DC7A429B369A100DA6344 /* PBXContainerItemProxy */;
		};
/* End PBXTargetDependency section */

/* Begin PBXVariantGroup section */
		8C3DC78C29B369A000DA6344 /* Main.storyboard */ = {
			isa = PBXVariantGroup;
			children = (
				8C3DC78D29B369A000DA6344 /* Base */,
			);
			name = Main.storyboard;
			sourceTree = "<group>";
		};
		8C3DC79129B369A100DA6344 /* LaunchScreen.storyboard */ = {
			isa = PBXVariantGroup;
			children = (
				8C3DC79229B369A100DA6344 /* Base */,
			);
			name = LaunchScreen.storyboard;
			sourceTree = "<group>";
		};
/* End PBXVariantGroup section */

/* Begin XCBuildConfiguration section */
		8C3DC7AB29B369A100DA6344 /* Debug */ = {
			isa = XCBuildConfiguration;
			buildSettings = {
				ALWAYS_SEARCH_USER_PATHS = NO;
				CLANG_ANALYZER_NONNULL = YES;
				CLANG_ANALYZER_NUMBER_OBJECT_CONVERSION = YES_AGGRESSIVE;
				CLANG_CXX_LANGUAGE_STANDARD = "gnu++20";
				CLANG_ENABLE_MODULES = YES;
				CLANG_ENABLE_OBJC_ARC = YES;
				CLANG_ENABLE_OBJC_WEAK = YES;
				CLANG_WARN_BLOCK_CAPTURE_AUTORELEASING = YES;
				CLANG_WARN_BOOL_CONVERSION = YES;
				CLANG_WARN_COMMA = YES;
				CLANG_WARN_CONSTANT_CONVERSION = YES;
				CLANG_WARN_DEPRECATED_OBJC_IMPLEMENTATIONS = YES;
				CLANG_WARN_DIRECT_OBJC_ISA_USAGE = YES_ERROR;
				CLANG_WARN_DOCUMENTATION_COMMENTS = YES;
				CLANG_WARN_EMPTY_BODY = YES;
				CLANG_WARN_ENUM_CONVERSION = YES;
				CLANG_WARN_INFINITE_RECURSION = YES;
				CLANG_WARN_INT_CONVERSION = YES;
				CLANG_WARN_NON_LITERAL_NULL_CONVERSION = YES;
				CLANG_WARN_OBJC_IMPLICIT_RETAIN_SELF = YES;
				CLANG_WARN_OBJC_LITERAL_CONVERSION = YES;
				CLANG_WARN_OBJC_ROOT_CLASS = YES_ERROR;
				CLANG_WARN_QUOTED_INCLUDE_IN_FRAMEWORK_HEADER = YES;
				CLANG_WARN_RANGE_LOOP_ANALYSIS = YES;
				CLANG_WARN_STRICT_PROTOTYPES = YES;
				CLANG_WARN_SUSPICIOUS_MOVE = YES;
				CLANG_WARN_UNGUARDED_AVAILABILITY = YES_AGGRESSIVE;
				CLANG_WARN_UNREACHABLE_CODE = YES;
				CLANG_WARN__DUPLICATE_METHOD_MATCH = YES;
				COPY_PHASE_STRIP = NO;
				DEBUG_INFORMATION_FORMAT = dwarf;
				ENABLE_STRICT_OBJC_MSGSEND = YES;
				ENABLE_TESTABILITY = YES;
				GCC_C_LANGUAGE_STANDARD = gnu11;
				GCC_DYNAMIC_NO_PIC = NO;
				GCC_NO_COMMON_BLOCKS = YES;
				GCC_OPTIMIZATION_LEVEL = 0;
				GCC_PREPROCESSOR_DEFINITIONS = (
					"DEBUG=1",
					"$(inherited)",
				);
				GCC_WARN_64_TO_32_BIT_CONVERSION = YES;
				GCC_WARN_ABOUT_RETURN_TYPE = YES_ERROR;
				GCC_WARN_UNDECLARED_SELECTOR = YES;
				GCC_WARN_UNINITIALIZED_AUTOS = YES_AGGRESSIVE;
				GCC_WARN_UNUSED_FUNCTION = YES;
				GCC_WARN_UNUSED_VARIABLE = YES;
				IPHONEOS_DEPLOYMENT_TARGET = 16.2;
				MTL_ENABLE_DEBUG_INFO = INCLUDE_SOURCE;
				MTL_FAST_MATH = YES;
				ONLY_ACTIVE_ARCH = YES;
				SDKROOT = iphoneos;
				SWIFT_ACTIVE_COMPILATION_CONDITIONS = DEBUG;
				SWIFT_OPTIMIZATION_LEVEL = "-Onone";
			};
			name = Debug;
		};
		8C3DC7AC29B369A100DA6344 /* Release */ = {
			isa = XCBuildConfiguration;
			buildSettings = {
				ALWAYS_SEARCH_USER_PATHS = NO;
				CLANG_ANALYZER_NONNULL = YES;
				CLANG_ANALYZER_NUMBER_OBJECT_CONVERSION = YES_AGGRESSIVE;
				CLANG_CXX_LANGUAGE_STANDARD = "gnu++20";
				CLANG_ENABLE_MODULES = YES;
				CLANG_ENABLE_OBJC_ARC = YES;
				CLANG_ENABLE_OBJC_WEAK = YES;
				CLANG_WARN_BLOCK_CAPTURE_AUTORELEASING = YES;
				CLANG_WARN_BOOL_CONVERSION = YES;
				CLANG_WARN_COMMA = YES;
				CLANG_WARN_CONSTANT_CONVERSION = YES;
				CLANG_WARN_DEPRECATED_OBJC_IMPLEMENTATIONS = YES;
				CLANG_WARN_DIRECT_OBJC_ISA_USAGE = YES_ERROR;
				CLANG_WARN_DOCUMENTATION_COMMENTS = YES;
				CLANG_WARN_EMPTY_BODY = YES;
				CLANG_WARN_ENUM_CONVERSION = YES;
				CLANG_WARN_INFINITE_RECURSION = YES;
				CLANG_WARN_INT_CONVERSION = YES;
				CLANG_WARN_NON_LITERAL_NULL_CONVERSION = YES;
				CLANG_WARN_OBJC_IMPLICIT_RETAIN_SELF = YES;
				CLANG_WARN_OBJC_LITERAL_CONVERSION = YES;
				CLANG_WARN_OBJC_ROOT_CLASS = YES_ERROR;
				CLANG_WARN_QUOTED_INCLUDE_IN_FRAMEWORK_HEADER = YES;
				CLANG_WARN_RANGE_LOOP_ANALYSIS = YES;
				CLANG_WARN_STRICT_PROTOTYPES = YES;
				CLANG_WARN_SUSPICIOUS_MOVE = YES;
				CLANG_WARN_UNGUARDED_AVAILABILITY = YES_AGGRESSIVE;
				CLANG_WARN_UNREACHABLE_CODE = YES;
				CLANG_WARN__DUPLICATE_METHOD_MATCH = YES;
				COPY_PHASE_STRIP = NO;
				DEBUG_INFORMATION_FORMAT = "dwarf-with-dsym";
				ENABLE_NS_ASSERTIONS = NO;
				ENABLE_STRICT_OBJC_MSGSEND = YES;
				GCC_C_LANGUAGE_STANDARD = gnu11;
				GCC_NO_COMMON_BLOCKS = YES;
				GCC_WARN_64_TO_32_BIT_CONVERSION = YES;
				GCC_WARN_ABOUT_RETURN_TYPE = YES_ERROR;
				GCC_WARN_UNDECLARED_SELECTOR = YES;
				GCC_WARN_UNINITIALIZED_AUTOS = YES_AGGRESSIVE;
				GCC_WARN_UNUSED_FUNCTION = YES;
				GCC_WARN_UNUSED_VARIABLE = YES;
				IPHONEOS_DEPLOYMENT_TARGET = 16.2;
				MTL_ENABLE_DEBUG_INFO = NO;
				MTL_FAST_MATH = YES;
				SDKROOT = iphoneos;
				SWIFT_COMPILATION_MODE = wholemodule;
				SWIFT_OPTIMIZATION_LEVEL = "-O";
				VALIDATE_PRODUCT = YES;
			};
			name = Release;
		};
		8C3DC7AE29B369A100DA6344 /* Debug */ = {
			isa = XCBuildConfiguration;
			baseConfigurationReference = B0406B989340CC7C5C43AE76 /* Pods-ListedAssignment.debug.xcconfig */;
			buildSettings = {
				ASSETCATALOG_COMPILER_APPICON_NAME = AppIcon;
				ASSETCATALOG_COMPILER_GLOBAL_ACCENT_COLOR_NAME = AccentColor;
				CODE_SIGN_STYLE = Automatic;
				CURRENT_PROJECT_VERSION = 1;
				GENERATE_INFOPLIST_FILE = YES;
				INFOPLIST_FILE = ListedAssignment/Info.plist;
				INFOPLIST_KEY_UIApplicationSupportsIndirectInputEvents = YES;
				INFOPLIST_KEY_UILaunchStoryboardName = LaunchScreen;
				INFOPLIST_KEY_UIMainStoryboardFile = Main;
				INFOPLIST_KEY_UISupportedInterfaceOrientations = UIInterfaceOrientationPortrait;
				INFOPLIST_KEY_UISupportedInterfaceOrientations_iPad = "UIInterfaceOrientationLandscapeLeft UIInterfaceOrientationLandscapeRight UIInterfaceOrientationPortrait UIInterfaceOrientationPortraitUpsideDown";
				IPHONEOS_DEPLOYMENT_TARGET = 15.0;
				LD_RUNPATH_SEARCH_PATHS = (
					"$(inherited)",
					"@executable_path/Frameworks",
				);
				MARKETING_VERSION = 1.0;
				PRODUCT_BUNDLE_IDENTIFIER = com.me.ListedAssignment;
				PRODUCT_NAME = "$(TARGET_NAME)";
				SUPPORTED_PLATFORMS = "iphoneos iphonesimulator";
				SUPPORTS_MACCATALYST = NO;
				SUPPORTS_MAC_DESIGNED_FOR_IPHONE_IPAD = NO;
				SWIFT_EMIT_LOC_STRINGS = YES;
				SWIFT_VERSION = 5.0;
				TARGETED_DEVICE_FAMILY = 1;
			};
			name = Debug;
		};
		8C3DC7AF29B369A100DA6344 /* Release */ = {
			isa = XCBuildConfiguration;
			baseConfigurationReference = 1DE107DC4B37429CD8AAB97F /* Pods-ListedAssignment.release.xcconfig */;
			buildSettings = {
				ASSETCATALOG_COMPILER_APPICON_NAME = AppIcon;
				ASSETCATALOG_COMPILER_GLOBAL_ACCENT_COLOR_NAME = AccentColor;
				CODE_SIGN_STYLE = Automatic;
				CURRENT_PROJECT_VERSION = 1;
				GENERATE_INFOPLIST_FILE = YES;
				INFOPLIST_FILE = ListedAssignment/Info.plist;
				INFOPLIST_KEY_UIApplicationSupportsIndirectInputEvents = YES;
				INFOPLIST_KEY_UILaunchStoryboardName = LaunchScreen;
				INFOPLIST_KEY_UIMainStoryboardFile = Main;
				INFOPLIST_KEY_UISupportedInterfaceOrientations = UIInterfaceOrientationPortrait;
				INFOPLIST_KEY_UISupportedInterfaceOrientations_iPad = "UIInterfaceOrientationLandscapeLeft UIInterfaceOrientationLandscapeRight UIInterfaceOrientationPortrait UIInterfaceOrientationPortraitUpsideDown";
				IPHONEOS_DEPLOYMENT_TARGET = 15.0;
				LD_RUNPATH_SEARCH_PATHS = (
					"$(inherited)",
					"@executable_path/Frameworks",
				);
				MARKETING_VERSION = 1.0;
				PRODUCT_BUNDLE_IDENTIFIER = com.me.ListedAssignment;
				PRODUCT_NAME = "$(TARGET_NAME)";
				SUPPORTED_PLATFORMS = "iphoneos iphonesimulator";
				SUPPORTS_MACCATALYST = NO;
				SUPPORTS_MAC_DESIGNED_FOR_IPHONE_IPAD = NO;
				SWIFT_EMIT_LOC_STRINGS = YES;
				SWIFT_VERSION = 5.0;
				TARGETED_DEVICE_FAMILY = 1;
			};
			name = Release;
		};
		8C3DC7B129B369A100DA6344 /* Debug */ = {
			isa = XCBuildConfiguration;
			baseConfigurationReference = F1F6250535532E0ABCFAC40F /* Pods-ListedAssignmentTests.debug.xcconfig */;
			buildSettings = {
				ALWAYS_EMBED_SWIFT_STANDARD_LIBRARIES = YES;
				BUNDLE_LOADER = "$(TEST_HOST)";
				CODE_SIGN_STYLE = Automatic;
				CURRENT_PROJECT_VERSION = 1;
				GENERATE_INFOPLIST_FILE = YES;
				IPHONEOS_DEPLOYMENT_TARGET = 16.2;
				MARKETING_VERSION = 1.0;
				PRODUCT_BUNDLE_IDENTIFIER = com.me.ListedAssignmentTests;
				PRODUCT_NAME = "$(TARGET_NAME)";
				SWIFT_EMIT_LOC_STRINGS = NO;
				SWIFT_VERSION = 5.0;
				TARGETED_DEVICE_FAMILY = "1,2";
				TEST_HOST = "$(BUILT_PRODUCTS_DIR)/ListedAssignment.app/$(BUNDLE_EXECUTABLE_FOLDER_PATH)/ListedAssignment";
			};
			name = Debug;
		};
		8C3DC7B229B369A100DA6344 /* Release */ = {
			isa = XCBuildConfiguration;
			baseConfigurationReference = F11FA97D809B9151303F292B /* Pods-ListedAssignmentTests.release.xcconfig */;
			buildSettings = {
				ALWAYS_EMBED_SWIFT_STANDARD_LIBRARIES = YES;
				BUNDLE_LOADER = "$(TEST_HOST)";
				CODE_SIGN_STYLE = Automatic;
				CURRENT_PROJECT_VERSION = 1;
				GENERATE_INFOPLIST_FILE = YES;
				IPHONEOS_DEPLOYMENT_TARGET = 16.2;
				MARKETING_VERSION = 1.0;
				PRODUCT_BUNDLE_IDENTIFIER = com.me.ListedAssignmentTests;
				PRODUCT_NAME = "$(TARGET_NAME)";
				SWIFT_EMIT_LOC_STRINGS = NO;
				SWIFT_VERSION = 5.0;
				TARGETED_DEVICE_FAMILY = "1,2";
				TEST_HOST = "$(BUILT_PRODUCTS_DIR)/ListedAssignment.app/$(BUNDLE_EXECUTABLE_FOLDER_PATH)/ListedAssignment";
			};
			name = Release;
		};
		8C3DC7B429B369A100DA6344 /* Debug */ = {
			isa = XCBuildConfiguration;
			baseConfigurationReference = 1F18D99DB3FD74ECF100D141 /* Pods-ListedAssignment-ListedAssignmentUITests.debug.xcconfig */;
			buildSettings = {
				ALWAYS_EMBED_SWIFT_STANDARD_LIBRARIES = YES;
				CODE_SIGN_STYLE = Automatic;
				CURRENT_PROJECT_VERSION = 1;
				GENERATE_INFOPLIST_FILE = YES;
				MARKETING_VERSION = 1.0;
				PRODUCT_BUNDLE_IDENTIFIER = com.me.ListedAssignmentUITests;
				PRODUCT_NAME = "$(TARGET_NAME)";
				SWIFT_EMIT_LOC_STRINGS = NO;
				SWIFT_VERSION = 5.0;
				TARGETED_DEVICE_FAMILY = "1,2";
				TEST_TARGET_NAME = ListedAssignment;
			};
			name = Debug;
		};
		8C3DC7B529B369A100DA6344 /* Release */ = {
			isa = XCBuildConfiguration;
			baseConfigurationReference = E1A6E9862149183FC6ACF4B6 /* Pods-ListedAssignment-ListedAssignmentUITests.release.xcconfig */;
			buildSettings = {
				ALWAYS_EMBED_SWIFT_STANDARD_LIBRARIES = YES;
				CODE_SIGN_STYLE = Automatic;
				CURRENT_PROJECT_VERSION = 1;
				GENERATE_INFOPLIST_FILE = YES;
				MARKETING_VERSION = 1.0;
				PRODUCT_BUNDLE_IDENTIFIER = com.me.ListedAssignmentUITests;
				PRODUCT_NAME = "$(TARGET_NAME)";
				SWIFT_EMIT_LOC_STRINGS = NO;
				SWIFT_VERSION = 5.0;
				TARGETED_DEVICE_FAMILY = "1,2";
				TEST_TARGET_NAME = ListedAssignment;
			};
			name = Release;
		};
/* End XCBuildConfiguration section */

/* Begin XCConfigurationList section */
		8C3DC77E29B369A000DA6344 /* Build configuration list for PBXProject "ListedAssignment" */ = {
			isa = XCConfigurationList;
			buildConfigurations = (
				8C3DC7AB29B369A100DA6344 /* Debug */,
				8C3DC7AC29B369A100DA6344 /* Release */,
			);
			defaultConfigurationIsVisible = 0;
			defaultConfigurationName = Release;
		};
		8C3DC7AD29B369A100DA6344 /* Build configuration list for PBXNativeTarget "ListedAssignment" */ = {
			isa = XCConfigurationList;
			buildConfigurations = (
				8C3DC7AE29B369A100DA6344 /* Debug */,
				8C3DC7AF29B369A100DA6344 /* Release */,
			);
			defaultConfigurationIsVisible = 0;
			defaultConfigurationName = Release;
		};
		8C3DC7B029B369A100DA6344 /* Build configuration list for PBXNativeTarget "ListedAssignmentTests" */ = {
			isa = XCConfigurationList;
			buildConfigurations = (
				8C3DC7B129B369A100DA6344 /* Debug */,
				8C3DC7B229B369A100DA6344 /* Release */,
			);
			defaultConfigurationIsVisible = 0;
			defaultConfigurationName = Release;
		};
		8C3DC7B329B369A100DA6344 /* Build configuration list for PBXNativeTarget "ListedAssignmentUITests" */ = {
			isa = XCConfigurationList;
			buildConfigurations = (
				8C3DC7B429B369A100DA6344 /* Debug */,
				8C3DC7B529B369A100DA6344 /* Release */,
			);
			defaultConfigurationIsVisible = 0;
			defaultConfigurationName = Release;
		};
/* End XCConfigurationList section */
	};
	rootObject = 8C3DC77B29B369A000DA6344 /* Project object */;
}
